
Microsoft Visual Studio Solution File, Format Version 12.00
Project("{FAE04EC0-301F-11D3-BF4B-00C04F79EFBC}") = "WebApp", "WebApp\WebApp.csproj", "{DD4FE152-61C4-4B3E-9D48-5563A3B4A9FC}"
EndProject
Project("{FAE04EC0-301F-11D3-BF4B-00C04F79EFBC}") = "App.Domain", "App.Domain\App.Domain.csproj", "{29C7F474-91D2-45B2-8638-FEE5A7F16087}"
EndProject
Project("{FAE04EC0-301F-11D3-BF4B-00C04F79EFBC}") = "App.DAL.EF", "App.DAL.EF\App.DAL.EF.csproj", "{31961D8B-77BD-4EFF-B367-208AA515EC70}"
EndProject
Project("{2150E333-8FDC-42A3-9474-1A3956D46DE8}") = "APP", "APP", "{C23A0A27-F16E-4214-842C-3B61825388DF}"
EndProject
Project("{2150E333-8FDC-42A3-9474-1A3956D46DE8}") = "BASE", "BASE", "{4B52B182-BF7B-4CE2-99E1-C9D64FBAC46C}"
EndProject
Project("{FAE04EC0-301F-11D3-BF4B-00C04F79EFBC}") = "Base.Domain", "Base.Domain\Base.Domain.csproj", "{9D7ABDF1-D100-4F85-9C50-B9C4ADC557E0}"
EndProject
Project("{2150E333-8FDC-42A3-9474-1A3956D46DE8}") = "Contracts", "Contracts", "{CC1D174C-883F-4B2F-8AA8-BB46EB892A62}"
EndProject
Project("{FAE04EC0-301F-11D3-BF4B-00C04F79EFBC}") = "Base.Domain.Contracts", "Base.Domain.Contracts\Base.Domain.Contracts.csproj", "{EB672E14-7CFF-447C-A1B0-98EC5DD04532}"
EndProject
Project("{FAE04EC0-301F-11D3-BF4B-00C04F79EFBC}") = "Base.DAL.Contracts", "Base.DAL.Contracts\Base.DAL.Contracts.csproj", "{486DE1A5-A7E2-42C1-A9D6-056B46C841BA}"
EndProject
Project("{FAE04EC0-301F-11D3-BF4B-00C04F79EFBC}") = "Base.DAL.EF", "Base.DAL.EF\Base.DAL.EF.csproj", "{F30D4298-5F6B-480D-80AC-66E5EFDD9C28}"
EndProject
Project("{FAE04EC0-301F-11D3-BF4B-00C04F79EFBC}") = "Helpers", "Helpers\Helpers.csproj", "{253A13CA-0E53-4291-B57C-F7274A806715}"
EndProject
Project("{2150E333-8FDC-42A3-9474-1A3956D46DE8}") = "Contracts", "Contracts", "{14C6E266-66F3-428D-A126-F89C8EAFB2CD}"
EndProject
Project("{FAE04EC0-301F-11D3-BF4B-00C04F79EFBC}") = "App.DAL.Contracts", "App.DAL.Contracts\App.DAL.Contracts.csproj", "{1F622AAF-A602-4EAF-925A-79E86B6F13E0}"
EndProject
Project("{FAE04EC0-301F-11D3-BF4B-00C04F79EFBC}") = "Public.DTO", "Public.DTO\Public.DTO.csproj", "{59913528-A8B3-4A0D-BA15-035E9736AA89}"
EndProject
Project("{2150E333-8FDC-42A3-9474-1A3956D46DE8}") = "Solution Items", "Solution Items", "{670382E4-65C4-40FA-A4C4-7D17A224F155}"
	ProjectSection(SolutionItems) = preProject
		docker-compose.yml = docker-compose.yml
		README.md = README.md
		..\..\.gitignore = ..\..\.gitignore
		global.json = global.json
	EndProjectSection
EndProject
Project("{FAE04EC0-301F-11D3-BF4B-00C04F79EFBC}") = "ProjectTests", "ProjectTests\ProjectTests.csproj", "{3C8C546A-D846-4B7C-9140-D4369E410B3E}"
EndProject
Global
	GlobalSection(SolutionConfigurationPlatforms) = preSolution
		Debug|Any CPU = Debug|Any CPU
		Release|Any CPU = Release|Any CPU
	EndGlobalSection
	GlobalSection(ProjectConfigurationPlatforms) = postSolution
		{DD4FE152-61C4-4B3E-9D48-5563A3B4A9FC}.Debug|Any CPU.ActiveCfg = Debug|Any CPU
		{DD4FE152-61C4-4B3E-9D48-5563A3B4A9FC}.Debug|Any CPU.Build.0 = Debug|Any CPU
		{DD4FE152-61C4-4B3E-9D48-5563A3B4A9FC}.Release|Any CPU.ActiveCfg = Release|Any CPU
		{DD4FE152-61C4-4B3E-9D48-5563A3B4A9FC}.Release|Any CPU.Build.0 = Release|Any CPU
		{29C7F474-91D2-45B2-8638-FEE5A7F16087}.Debug|Any CPU.ActiveCfg = Debug|Any CPU
		{29C7F474-91D2-45B2-8638-FEE5A7F16087}.Debug|Any CPU.Build.0 = Debug|Any CPU
		{29C7F474-91D2-45B2-8638-FEE5A7F16087}.Release|Any CPU.ActiveCfg = Release|Any CPU
		{29C7F474-91D2-45B2-8638-FEE5A7F16087}.Release|Any CPU.Build.0 = Release|Any CPU
		{31961D8B-77BD-4EFF-B367-208AA515EC70}.Debug|Any CPU.ActiveCfg = Debug|Any CPU
		{31961D8B-77BD-4EFF-B367-208AA515EC70}.Debug|Any CPU.Build.0 = Debug|Any CPU
		{31961D8B-77BD-4EFF-B367-208AA515EC70}.Release|Any CPU.ActiveCfg = Release|Any CPU
		{31961D8B-77BD-4EFF-B367-208AA515EC70}.Release|Any CPU.Build.0 = Release|Any CPU
		{9D7ABDF1-D100-4F85-9C50-B9C4ADC557E0}.Debug|Any CPU.ActiveCfg = Debug|Any CPU
		{9D7ABDF1-D100-4F85-9C50-B9C4ADC557E0}.Debug|Any CPU.Build.0 = Debug|Any CPU
		{9D7ABDF1-D100-4F85-9C50-B9C4ADC557E0}.Release|Any CPU.ActiveCfg = Release|Any CPU
		{9D7ABDF1-D100-4F85-9C50-B9C4ADC557E0}.Release|Any CPU.Build.0 = Release|Any CPU
		{EB672E14-7CFF-447C-A1B0-98EC5DD04532}.Debug|Any CPU.ActiveCfg = Debug|Any CPU
		{EB672E14-7CFF-447C-A1B0-98EC5DD04532}.Debug|Any CPU.Build.0 = Debug|Any CPU
		{EB672E14-7CFF-447C-A1B0-98EC5DD04532}.Release|Any CPU.ActiveCfg = Release|Any CPU
		{EB672E14-7CFF-447C-A1B0-98EC5DD04532}.Release|Any CPU.Build.0 = Release|Any CPU
		{486DE1A5-A7E2-42C1-A9D6-056B46C841BA}.Debug|Any CPU.ActiveCfg = Debug|Any CPU
		{486DE1A5-A7E2-42C1-A9D6-056B46C841BA}.Debug|Any CPU.Build.0 = Debug|Any CPU
		{486DE1A5-A7E2-42C1-A9D6-056B46C841BA}.Release|Any CPU.ActiveCfg = Release|Any CPU
		{486DE1A5-A7E2-42C1-A9D6-056B46C841BA}.Release|Any CPU.Build.0 = Release|Any CPU
		{F30D4298-5F6B-480D-80AC-66E5EFDD9C28}.Debug|Any CPU.ActiveCfg = Debug|Any CPU
		{F30D4298-5F6B-480D-80AC-66E5EFDD9C28}.Debug|Any CPU.Build.0 = Debug|Any CPU
		{F30D4298-5F6B-480D-80AC-66E5EFDD9C28}.Release|Any CPU.ActiveCfg = Release|Any CPU
		{F30D4298-5F6B-480D-80AC-66E5EFDD9C28}.Release|Any CPU.Build.0 = Release|Any CPU
		{253A13CA-0E53-4291-B57C-F7274A806715}.Debug|Any CPU.ActiveCfg = Debug|Any CPU
		{253A13CA-0E53-4291-B57C-F7274A806715}.Debug|Any CPU.Build.0 = Debug|Any CPU
		{253A13CA-0E53-4291-B57C-F7274A806715}.Release|Any CPU.ActiveCfg = Release|Any CPU
		{253A13CA-0E53-4291-B57C-F7274A806715}.Release|Any CPU.Build.0 = Release|Any CPU
		{1F622AAF-A602-4EAF-925A-79E86B6F13E0}.Debug|Any CPU.ActiveCfg = Debug|Any CPU
		{1F622AAF-A602-4EAF-925A-79E86B6F13E0}.Debug|Any CPU.Build.0 = Debug|Any CPU
		{1F622AAF-A602-4EAF-925A-79E86B6F13E0}.Release|Any CPU.ActiveCfg = Release|Any CPU
		{1F622AAF-A602-4EAF-925A-79E86B6F13E0}.Release|Any CPU.Build.0 = Release|Any CPU
		{59913528-A8B3-4A0D-BA15-035E9736AA89}.Debug|Any CPU.ActiveCfg = Debug|Any CPU
		{59913528-A8B3-4A0D-BA15-035E9736AA89}.Debug|Any CPU.Build.0 = Debug|Any CPU
		{59913528-A8B3-4A0D-BA15-035E9736AA89}.Release|Any CPU.ActiveCfg = Release|Any CPU
		{59913528-A8B3-4A0D-BA15-035E9736AA89}.Release|Any CPU.Build.0 = Release|Any CPU
		{3C8C546A-D846-4B7C-9140-D4369E410B3E}.Debug|Any CPU.ActiveCfg = Debug|Any CPU
		{3C8C546A-D846-4B7C-9140-D4369E410B3E}.Debug|Any CPU.Build.0 = Debug|Any CPU
		{3C8C546A-D846-4B7C-9140-D4369E410B3E}.Release|Any CPU.ActiveCfg = Release|Any CPU
		{3C8C546A-D846-4B7C-9140-D4369E410B3E}.Release|Any CPU.Build.0 = Release|Any CPU
	EndGlobalSection
	GlobalSection(NestedProjects) = preSolution
		{DD4FE152-61C4-4B3E-9D48-5563A3B4A9FC} = {C23A0A27-F16E-4214-842C-3B61825388DF}
		{9D7ABDF1-D100-4F85-9C50-B9C4ADC557E0} = {4B52B182-BF7B-4CE2-99E1-C9D64FBAC46C}
		{CC1D174C-883F-4B2F-8AA8-BB46EB892A62} = {4B52B182-BF7B-4CE2-99E1-C9D64FBAC46C}
		{EB672E14-7CFF-447C-A1B0-98EC5DD04532} = {CC1D174C-883F-4B2F-8AA8-BB46EB892A62}
		{29C7F474-91D2-45B2-8638-FEE5A7F16087} = {C23A0A27-F16E-4214-842C-3B61825388DF}
		{31961D8B-77BD-4EFF-B367-208AA515EC70} = {C23A0A27-F16E-4214-842C-3B61825388DF}
		{486DE1A5-A7E2-42C1-A9D6-056B46C841BA} = {CC1D174C-883F-4B2F-8AA8-BB46EB892A62}
		{F30D4298-5F6B-480D-80AC-66E5EFDD9C28} = {4B52B182-BF7B-4CE2-99E1-C9D64FBAC46C}
		{14C6E266-66F3-428D-A126-F89C8EAFB2CD} = {C23A0A27-F16E-4214-842C-3B61825388DF}
		{1F622AAF-A602-4EAF-925A-79E86B6F13E0} = {14C6E266-66F3-428D-A126-F89C8EAFB2CD}
		{59913528-A8B3-4A0D-BA15-035E9736AA89} = {C23A0A27-F16E-4214-842C-3B61825388DF}
		{3C8C546A-D846-4B7C-9140-D4369E410B3E} = {C23A0A27-F16E-4214-842C-3B61825388DF}
	EndGlobalSection
EndGlobal
